
Microsoft Visual Studio Solution File, Format Version 12.00
# Visual Studio Version 17
VisualStudioVersion = 17.5.33516.290
MinimumVisualStudioVersion = 10.0.40219.1
Project("{9A19103F-16F7-4668-BE54-9A1E7A4F7556}") = "CompLibrary", "CompLibrary\CompLibrary.csproj", "{45C4B64A-FF1A-447B-961F-C41323D07EEC}"
EndProject
Project("{9A19103F-16F7-4668-BE54-9A1E7A4F7556}") = "CompUI", "CompUI\CompUI.csproj", "{E87446A6-7CEF-4A8C-B54D-BB676C85B279}"
EndProject
Project("{FAE04EC0-301F-11D3-BF4B-00C04F79EFBC}") = "CompUIWPF", "CompUIWPF\CompUIWPF.csproj", "{6B8FCCD1-8241-4205-A125-49A156C9EE96}"
EndProject
Global
	GlobalSection(SolutionConfigurationPlatforms) = preSolution
		Debug|Any CPU = Debug|Any CPU
		Debug|x64 = Debug|x64
		Debug|x86 = Debug|x86
		Release|Any CPU = Release|Any CPU
		Release|x64 = Release|x64
		Release|x86 = Release|x86
	EndGlobalSection
	GlobalSection(ProjectConfigurationPlatforms) = postSolution
		{45C4B64A-FF1A-447B-961F-C41323D07EEC}.Debug|Any CPU.ActiveCfg = Debug|Any CPU
		{45C4B64A-FF1A-447B-961F-C41323D07EEC}.Debug|Any CPU.Build.0 = Debug|Any CPU
		{45C4B64A-FF1A-447B-961F-C41323D07EEC}.Debug|x64.ActiveCfg = Debug|Any CPU
		{45C4B64A-FF1A-447B-961F-C41323D07EEC}.Debug|x64.Build.0 = Debug|Any CPU
		{45C4B64A-FF1A-447B-961F-C41323D07EEC}.Debug|x86.ActiveCfg = Debug|Any CPU
		{45C4B64A-FF1A-447B-961F-C41323D07EEC}.Debug|x86.Build.0 = Debug|Any CPU
		{45C4B64A-FF1A-447B-961F-C41323D07EEC}.Release|Any CPU.ActiveCfg = Release|Any CPU
		{45C4B64A-FF1A-447B-961F-C41323D07EEC}.Release|Any CPU.Build.0 = Release|Any CPU
		{45C4B64A-FF1A-447B-961F-C41323D07EEC}.Release|x64.ActiveCfg = Release|Any CPU
		{45C4B64A-FF1A-447B-961F-C41323D07EEC}.Release|x64.Build.0 = Release|Any CPU
		{45C4B64A-FF1A-447B-961F-C41323D07EEC}.Release|x86.ActiveCfg = Release|Any CPU
		{45C4B64A-FF1A-447B-961F-C41323D07EEC}.Release|x86.Build.0 = Release|Any CPU
		{E87446A6-7CEF-4A8C-B54D-BB676C85B279}.Debug|Any CPU.ActiveCfg = Debug|Any CPU
		{E87446A6-7CEF-4A8C-B54D-BB676C85B279}.Debug|Any CPU.Build.0 = Debug|Any CPU
		{E87446A6-7CEF-4A8C-B54D-BB676C85B279}.Debug|x64.ActiveCfg = Debug|Any CPU
		{E87446A6-7CEF-4A8C-B54D-BB676C85B279}.Debug|x64.Build.0 = Debug|Any CPU
		{E87446A6-7CEF-4A8C-B54D-BB676C85B279}.Debug|x86.ActiveCfg = Debug|Any CPU
		{E87446A6-7CEF-4A8C-B54D-BB676C85B279}.Debug|x86.Build.0 = Debug|Any CPU
		{E87446A6-7CEF-4A8C-B54D-BB676C85B279}.Release|Any CPU.ActiveCfg = Release|Any CPU
		{E87446A6-7CEF-4A8C-B54D-BB676C85B279}.Release|Any CPU.Build.0 = Release|Any CPU
		{E87446A6-7CEF-4A8C-B54D-BB676C85B279}.Release|x64.ActiveCfg = Release|Any CPU
		{E87446A6-7CEF-4A8C-B54D-BB676C85B279}.Release|x64.Build.0 = Release|Any CPU
		{E87446A6-7CEF-4A8C-B54D-BB676C85B279}.Release|x86.ActiveCfg = Release|Any CPU
		{E87446A6-7CEF-4A8C-B54D-BB676C85B279}.Release|x86.Build.0 = Release|Any CPU
		{6B8FCCD1-8241-4205-A125-49A156C9EE96}.Debug|Any CPU.ActiveCfg = Debug|Any CPU
		{6B8FCCD1-8241-4205-A125-49A156C9EE96}.Debug|Any CPU.Build.0 = Debug|Any CPU
		{6B8FCCD1-8241-4205-A125-49A156C9EE96}.Debug|x64.ActiveCfg = Debug|Any CPU
		{6B8FCCD1-8241-4205-A125-49A156C9EE96}.Debug|x64.Build.0 = Debug|Any CPU
		{6B8FCCD1-8241-4205-A125-49A156C9EE96}.Debug|x86.ActiveCfg = Debug|Any CPU
		{6B8FCCD1-8241-4205-A125-49A156C9EE96}.Debug|x86.Build.0 = Debug|Any CPU
		{6B8FCCD1-8241-4205-A125-49A156C9EE96}.Release|Any CPU.ActiveCfg = Release|Any CPU
		{6B8FCCD1-8241-4205-A125-49A156C9EE96}.Release|Any CPU.Build.0 = Release|Any CPU
		{6B8FCCD1-8241-4205-A125-49A156C9EE96}.Release|x64.ActiveCfg = Release|Any CPU
		{6B8FCCD1-8241-4205-A125-49A156C9EE96}.Release|x64.Build.0 = Release|Any CPU
		{6B8FCCD1-8241-4205-A125-49A156C9EE96}.Release|x86.ActiveCfg = Release|Any CPU
		{6B8FCCD1-8241-4205-A125-49A156C9EE96}.Release|x86.Build.0 = Release|Any CPU
	EndGlobalSection
	GlobalSection(SolutionProperties) = preSolution
		HideSolutionNode = FALSE
	EndGlobalSection
	GlobalSection(ExtensibilityGlobals) = postSolution
		SolutionGuid = {409B99F8-213F-4130-9F00-1CFA3E436BF6}
	EndGlobalSection
EndGlobal
